// !$*UTF8*$!
{
	archiveVersion = 1;
	classes = {
	};
	objectVersion = 46;
	objects = {

/* Begin PBXBuildFile section */
		05564CB41B3BF4B700564A4C /* AppDelegate.swift in Sources */ = {isa = PBXBuildFile; fileRef = 05564CB31B3BF4B700564A4C /* AppDelegate.swift */; };
		05564CB91B3BF4B700564A4C /* Main.storyboard in Resources */ = {isa = PBXBuildFile; fileRef = 05564CB71B3BF4B700564A4C /* Main.storyboard */; };
		05564CBB1B3BF4B700564A4C /* Images.xcassets in Resources */ = {isa = PBXBuildFile; fileRef = 05564CBA1B3BF4B700564A4C /* Images.xcassets */; };
		05564CBE1B3BF4B700564A4C /* LaunchScreen.xib in Resources */ = {isa = PBXBuildFile; fileRef = 05564CBC1B3BF4B700564A4C /* LaunchScreen.xib */; };
		05564CCA1B3BF4B700564A4C /* EDUVanceTests.swift in Sources */ = {isa = PBXBuildFile; fileRef = 05564CC91B3BF4B700564A4C /* EDUVanceTests.swift */; };
		05564CD91B3BF7BE00564A4C /* MainVC.swift in Sources */ = {isa = PBXBuildFile; fileRef = 05564CD81B3BF7BE00564A4C /* MainVC.swift */; };
		05564CDB1B3BF7E100564A4C /* HWILib.swift in Sources */ = {isa = PBXBuildFile; fileRef = 05564CDA1B3BF7E100564A4C /* HWILib.swift */; };
		05564CDD1B3BF7F900564A4C /* ConstantValues.swift in Sources */ = {isa = PBXBuildFile; fileRef = 05564CDC1B3BF7F900564A4C /* ConstantValues.swift */; };
		05564CDF1B3BF89500564A4C /* BaseVC.swift in Sources */ = {isa = PBXBuildFile; fileRef = 05564CDE1B3BF89500564A4C /* BaseVC.swift */; };
		05564CE11B3BF90500564A4C /* LoginVC.swift in Sources */ = {isa = PBXBuildFile; fileRef = 05564CE01B3BF90500564A4C /* LoginVC.swift */; };
		05564CE31B3BF94300564A4C /* BaseScrollView.swift in Sources */ = {isa = PBXBuildFile; fileRef = 05564CE21B3BF94300564A4C /* BaseScrollView.swift */; };
		05564CE51B3BF95700564A4C /* InsetTextField.swift in Sources */ = {isa = PBXBuildFile; fileRef = 05564CE41B3BF95700564A4C /* InsetTextField.swift */; };
		05564CE81B3BF9E500564A4C /* UserManager.swift in Sources */ = {isa = PBXBuildFile; fileRef = 05564CE71B3BF9E500564A4C /* UserManager.swift */; };
		05564CEA1B3BFA4C00564A4C /* IconView.swift in Sources */ = {isa = PBXBuildFile; fileRef = 05564CE91B3BFA4C00564A4C /* IconView.swift */; };
		05564CEC1B3BFDB700564A4C /* NetworkManager.swift in Sources */ = {isa = PBXBuildFile; fileRef = 05564CEB1B3BFDB700564A4C /* NetworkManager.swift */; };
		05564CFF1B3C02AD00564A4C /* .gitignore in Resources */ = {isa = PBXBuildFile; fileRef = 05564CEE1B3C02AD00564A4C /* .gitignore */; };
		05564D001B3C02AD00564A4C /* HTTPRequestSerializer.swift in Sources */ = {isa = PBXBuildFile; fileRef = 05564CEF1B3C02AD00564A4C /* HTTPRequestSerializer.swift */; };
		05564D011B3C02AD00564A4C /* HTTPResponseSerializer.swift in Sources */ = {isa = PBXBuildFile; fileRef = 05564CF01B3C02AD00564A4C /* HTTPResponseSerializer.swift */; };
		05564D021B3C02AD00564A4C /* HTTPSecurity.swift in Sources */ = {isa = PBXBuildFile; fileRef = 05564CF11B3C02AD00564A4C /* HTTPSecurity.swift */; };
		05564D031B3C02AD00564A4C /* HTTPTask.swift in Sources */ = {isa = PBXBuildFile; fileRef = 05564CF21B3C02AD00564A4C /* HTTPTask.swift */; };
		05564D041B3C02AD00564A4C /* HTTPUpload.swift in Sources */ = {isa = PBXBuildFile; fileRef = 05564CF31B3C02AD00564A4C /* HTTPUpload.swift */; };
		05564D051B3C02AD00564A4C /* Info.plist in Resources */ = {isa = PBXBuildFile; fileRef = 05564CF41B3C02AD00564A4C /* Info.plist */; };
		05564D061B3C02AD00564A4C /* LICENSE in Resources */ = {isa = PBXBuildFile; fileRef = 05564CF51B3C02AD00564A4C /* LICENSE */; };
		05564D071B3C02AD00564A4C /* README.md in Sources */ = {isa = PBXBuildFile; fileRef = 05564CF61B3C02AD00564A4C /* README.md */; };
		05564D081B3C02AD00564A4C /* SwiftHTTP.podspec in Resources */ = {isa = PBXBuildFile; fileRef = 05564CF81B3C02AD00564A4C /* SwiftHTTP.podspec */; };
		059744C41B3C2A1100532554 /* Tab02MainView.swift in Sources */ = {isa = PBXBuildFile; fileRef = 059744C31B3C2A1100532554 /* Tab02MainView.swift */; };
		05E45AF81B3C7BC5009CFD2B /* Tab01MainView.swift in Sources */ = {isa = PBXBuildFile; fileRef = 05E45AF71B3C7BC5009CFD2B /* Tab01MainView.swift */; };
		05E45AFA1B3C7BD1009CFD2B /* Tab03MainView.swift in Sources */ = {isa = PBXBuildFile; fileRef = 05E45AF91B3C7BD1009CFD2B /* Tab03MainView.swift */; };
		05E45AFC1B3C7BE2009CFD2B /* Tab04MainView.swift in Sources */ = {isa = PBXBuildFile; fileRef = 05E45AFB1B3C7BE2009CFD2B /* Tab04MainView.swift */; };
		05E45B001B3C7CD0009CFD2B /* BaseItemView.swift in Sources */ = {isa = PBXBuildFile; fileRef = 05E45AFF1B3C7CD0009CFD2B /* BaseItemView.swift */; };
		05E45B021B3C84C4009CFD2B /* BaseNavigationC.swift in Sources */ = {isa = PBXBuildFile; fileRef = 05E45B011B3C84C4009CFD2B /* BaseNavigationC.swift */; };
		05E45B041B3C85CC009CFD2B /* ListVC.swift in Sources */ = {isa = PBXBuildFile; fileRef = 05E45B031B3C85CC009CFD2B /* ListVC.swift */; };
		05E45B061B3C8E14009CFD2B /* ListCell.swift in Sources */ = {isa = PBXBuildFile; fileRef = 05E45B051B3C8E14009CFD2B /* ListCell.swift */; };
/* End PBXBuildFile section */

/* Begin PBXContainerItemProxy section */
		05564CC41B3BF4B700564A4C /* PBXContainerItemProxy */ = {
			isa = PBXContainerItemProxy;
			containerPortal = 05564CA61B3BF4B700564A4C /* Project object */;
			proxyType = 1;
			remoteGlobalIDString = 05564CAD1B3BF4B700564A4C;
			remoteInfo = EDUVance;
		};
		05564D0F1B3C02AD00564A4C /* PBXContainerItemProxy */ = {
			isa = PBXContainerItemProxy;
			containerPortal = 05564CF91B3C02AD00564A4C /* SwiftHTTP.xcodeproj */;
			proxyType = 2;
			remoteGlobalIDString = 6BFD901619C8D8B500DD99B6;
			remoteInfo = SwiftHTTP;
		};
		05564D111B3C02AD00564A4C /* PBXContainerItemProxy */ = {
			isa = PBXContainerItemProxy;
			containerPortal = 05564CF91B3C02AD00564A4C /* SwiftHTTP.xcodeproj */;
			proxyType = 2;
			remoteGlobalIDString = 6BFD902119C8D8B500DD99B6;
			remoteInfo = SwiftHTTPTests;
		};
		05564D131B3C02AD00564A4C /* PBXContainerItemProxy */ = {
			isa = PBXContainerItemProxy;
			containerPortal = 05564CF91B3C02AD00564A4C /* SwiftHTTP.xcodeproj */;
			proxyType = 2;
			remoteGlobalIDString = D958025919E6EEEB003C8218;
			remoteInfo = SwiftHTTPOSX;
		};
		05564D151B3C02AD00564A4C /* PBXContainerItemProxy */ = {
			isa = PBXContainerItemProxy;
			containerPortal = 05564CF91B3C02AD00564A4C /* SwiftHTTP.xcodeproj */;
			proxyType = 2;
			remoteGlobalIDString = D958026319E6EEEB003C8218;
			remoteInfo = SwiftHTTPOSXTests;
		};
/* End PBXContainerItemProxy section */

/* Begin PBXFileReference section */
		05564CAE1B3BF4B700564A4C /* EDUVance.app */ = {isa = PBXFileReference; explicitFileType = wrapper.application; includeInIndex = 0; path = EDUVance.app; sourceTree = BUILT_PRODUCTS_DIR; };
		05564CB21B3BF4B700564A4C /* Info.plist */ = {isa = PBXFileReference; lastKnownFileType = text.plist.xml; path = Info.plist; sourceTree = "<group>"; };
		05564CB31B3BF4B700564A4C /* AppDelegate.swift */ = {isa = PBXFileReference; lastKnownFileType = sourcecode.swift; path = AppDelegate.swift; sourceTree = "<group>"; };
		05564CB81B3BF4B700564A4C /* Base */ = {isa = PBXFileReference; lastKnownFileType = file.storyboard; name = Base; path = Base.lproj/Main.storyboard; sourceTree = "<group>"; };
		05564CBA1B3BF4B700564A4C /* Images.xcassets */ = {isa = PBXFileReference; lastKnownFileType = folder.assetcatalog; path = Images.xcassets; sourceTree = "<group>"; };
		05564CBD1B3BF4B700564A4C /* Base */ = {isa = PBXFileReference; lastKnownFileType = file.xib; name = Base; path = Base.lproj/LaunchScreen.xib; sourceTree = "<group>"; };
		05564CC31B3BF4B700564A4C /* EDUVanceTests.xctest */ = {isa = PBXFileReference; explicitFileType = wrapper.cfbundle; includeInIndex = 0; path = EDUVanceTests.xctest; sourceTree = BUILT_PRODUCTS_DIR; };
		05564CC81B3BF4B700564A4C /* Info.plist */ = {isa = PBXFileReference; lastKnownFileType = text.plist.xml; path = Info.plist; sourceTree = "<group>"; };
		05564CC91B3BF4B700564A4C /* EDUVanceTests.swift */ = {isa = PBXFileReference; lastKnownFileType = sourcecode.swift; path = EDUVanceTests.swift; sourceTree = "<group>"; };
		05564CD81B3BF7BE00564A4C /* MainVC.swift */ = {isa = PBXFileReference; fileEncoding = 4; lastKnownFileType = sourcecode.swift; path = MainVC.swift; sourceTree = "<group>"; };
		05564CDA1B3BF7E100564A4C /* HWILib.swift */ = {isa = PBXFileReference; fileEncoding = 4; lastKnownFileType = sourcecode.swift; path = HWILib.swift; sourceTree = "<group>"; };
		05564CDC1B3BF7F900564A4C /* ConstantValues.swift */ = {isa = PBXFileReference; fileEncoding = 4; lastKnownFileType = sourcecode.swift; path = ConstantValues.swift; sourceTree = "<group>"; };
		05564CDE1B3BF89500564A4C /* BaseVC.swift */ = {isa = PBXFileReference; fileEncoding = 4; lastKnownFileType = sourcecode.swift; path = BaseVC.swift; sourceTree = "<group>"; };
		05564CE01B3BF90500564A4C /* LoginVC.swift */ = {isa = PBXFileReference; fileEncoding = 4; lastKnownFileType = sourcecode.swift; path = LoginVC.swift; sourceTree = "<group>"; };
		05564CE21B3BF94300564A4C /* BaseScrollView.swift */ = {isa = PBXFileReference; fileEncoding = 4; lastKnownFileType = sourcecode.swift; path = BaseScrollView.swift; sourceTree = "<group>"; };
		05564CE41B3BF95700564A4C /* InsetTextField.swift */ = {isa = PBXFileReference; fileEncoding = 4; lastKnownFileType = sourcecode.swift; path = InsetTextField.swift; sourceTree = "<group>"; };
		05564CE71B3BF9E500564A4C /* UserManager.swift */ = {isa = PBXFileReference; fileEncoding = 4; lastKnownFileType = sourcecode.swift; path = UserManager.swift; sourceTree = "<group>"; };
		05564CE91B3BFA4C00564A4C /* IconView.swift */ = {isa = PBXFileReference; fileEncoding = 4; lastKnownFileType = sourcecode.swift; path = IconView.swift; sourceTree = "<group>"; };
		05564CEB1B3BFDB700564A4C /* NetworkManager.swift */ = {isa = PBXFileReference; fileEncoding = 4; lastKnownFileType = sourcecode.swift; path = NetworkManager.swift; sourceTree = "<group>"; };
		05564CEE1B3C02AD00564A4C /* .gitignore */ = {isa = PBXFileReference; fileEncoding = 4; lastKnownFileType = text; path = .gitignore; sourceTree = "<group>"; };
		05564CEF1B3C02AD00564A4C /* HTTPRequestSerializer.swift */ = {isa = PBXFileReference; fileEncoding = 4; lastKnownFileType = sourcecode.swift; path = HTTPRequestSerializer.swift; sourceTree = "<group>"; };
		05564CF01B3C02AD00564A4C /* HTTPResponseSerializer.swift */ = {isa = PBXFileReference; fileEncoding = 4; lastKnownFileType = sourcecode.swift; path = HTTPResponseSerializer.swift; sourceTree = "<group>"; };
		05564CF11B3C02AD00564A4C /* HTTPSecurity.swift */ = {isa = PBXFileReference; fileEncoding = 4; lastKnownFileType = sourcecode.swift; path = HTTPSecurity.swift; sourceTree = "<group>"; };
		05564CF21B3C02AD00564A4C /* HTTPTask.swift */ = {isa = PBXFileReference; fileEncoding = 4; lastKnownFileType = sourcecode.swift; path = HTTPTask.swift; sourceTree = "<group>"; };
		05564CF31B3C02AD00564A4C /* HTTPUpload.swift */ = {isa = PBXFileReference; fileEncoding = 4; lastKnownFileType = sourcecode.swift; path = HTTPUpload.swift; sourceTree = "<group>"; };
		05564CF41B3C02AD00564A4C /* Info.plist */ = {isa = PBXFileReference; fileEncoding = 4; lastKnownFileType = text.plist.xml; path = Info.plist; sourceTree = "<group>"; };
		05564CF51B3C02AD00564A4C /* LICENSE */ = {isa = PBXFileReference; fileEncoding = 4; lastKnownFileType = text; path = LICENSE; sourceTree = "<group>"; };
		05564CF61B3C02AD00564A4C /* README.md */ = {isa = PBXFileReference; fileEncoding = 4; lastKnownFileType = net.daringfireball.markdown; path = README.md; sourceTree = "<group>"; };
		05564CF71B3C02AD00564A4C /* SwiftHTTP.h */ = {isa = PBXFileReference; fileEncoding = 4; lastKnownFileType = sourcecode.c.h; path = SwiftHTTP.h; sourceTree = "<group>"; };
		05564CF81B3C02AD00564A4C /* SwiftHTTP.podspec */ = {isa = PBXFileReference; fileEncoding = 4; lastKnownFileType = text; path = SwiftHTTP.podspec; sourceTree = "<group>"; };
		05564CF91B3C02AD00564A4C /* SwiftHTTP.xcodeproj */ = {isa = PBXFileReference; lastKnownFileType = "wrapper.pb-project"; path = SwiftHTTP.xcodeproj; sourceTree = "<group>"; };
		059744C31B3C2A1100532554 /* Tab02MainView.swift */ = {isa = PBXFileReference; fileEncoding = 4; lastKnownFileType = sourcecode.swift; path = Tab02MainView.swift; sourceTree = "<group>"; };
		05E45AF71B3C7BC5009CFD2B /* Tab01MainView.swift */ = {isa = PBXFileReference; fileEncoding = 4; lastKnownFileType = sourcecode.swift; path = Tab01MainView.swift; sourceTree = "<group>"; };
		05E45AF91B3C7BD1009CFD2B /* Tab03MainView.swift */ = {isa = PBXFileReference; fileEncoding = 4; lastKnownFileType = sourcecode.swift; path = Tab03MainView.swift; sourceTree = "<group>"; };
		05E45AFB1B3C7BE2009CFD2B /* Tab04MainView.swift */ = {isa = PBXFileReference; fileEncoding = 4; lastKnownFileType = sourcecode.swift; path = Tab04MainView.swift; sourceTree = "<group>"; };
		05E45AFF1B3C7CD0009CFD2B /* BaseItemView.swift */ = {isa = PBXFileReference; fileEncoding = 4; lastKnownFileType = sourcecode.swift; path = BaseItemView.swift; sourceTree = "<group>"; };
		05E45B011B3C84C4009CFD2B /* BaseNavigationC.swift */ = {isa = PBXFileReference; fileEncoding = 4; lastKnownFileType = sourcecode.swift; path = BaseNavigationC.swift; sourceTree = "<group>"; };
		05E45B031B3C85CC009CFD2B /* ListVC.swift */ = {isa = PBXFileReference; fileEncoding = 4; lastKnownFileType = sourcecode.swift; path = ListVC.swift; sourceTree = "<group>"; };
		05E45B051B3C8E14009CFD2B /* ListCell.swift */ = {isa = PBXFileReference; fileEncoding = 4; lastKnownFileType = sourcecode.swift; path = ListCell.swift; sourceTree = "<group>"; };
/* End PBXFileReference section */

/* Begin PBXFrameworksBuildPhase section */
		05564CAB1B3BF4B700564A4C /* Frameworks */ = {
			isa = PBXFrameworksBuildPhase;
			buildActionMask = 2147483647;
			files = (
			);
			runOnlyForDeploymentPostprocessing = 0;
		};
		05564CC01B3BF4B700564A4C /* Frameworks */ = {
			isa = PBXFrameworksBuildPhase;
			buildActionMask = 2147483647;
			files = (
			);
			runOnlyForDeploymentPostprocessing = 0;
		};
/* End PBXFrameworksBuildPhase section */

/* Begin PBXGroup section */
		05564CA51B3BF4B700564A4C = {
			isa = PBXGroup;
			children = (
				05564CB01B3BF4B700564A4C /* EDUVance */,
				05564CC61B3BF4B700564A4C /* EDUVanceTests */,
				05564CAF1B3BF4B700564A4C /* Products */,
			);
			sourceTree = "<group>";
		};
		05564CAF1B3BF4B700564A4C /* Products */ = {
			isa = PBXGroup;
			children = (
				05564CAE1B3BF4B700564A4C /* EDUVance.app */,
				05564CC31B3BF4B700564A4C /* EDUVanceTests.xctest */,
			);
			name = Products;
			sourceTree = "<group>";
		};
		05564CB01B3BF4B700564A4C /* EDUVance */ = {
			isa = PBXGroup;
			children = (
				05564CD71B3BF76C00564A4C /* 00AppInit */,
				05E45AF01B3C7BA3009CFD2B /* 01Tab */,
				059744C21B3C29FA00532554 /* 02Tab */,
				05E45AF11B3C7BA3009CFD2B /* 03Tab */,
				05E45AF21B3C7BA3009CFD2B /* 04Tab */,
				05564CE61B3BF9E500564A4C /* Models */,
				05564CD61B3BF73D00564A4C /* CustomLibrary */,
				05564CD31B3BF64E00564A4C /* Library */,
				05564CBA1B3BF4B700564A4C /* Images.xcassets */,
				05564CB31B3BF4B700564A4C /* AppDelegate.swift */,
				05564CB71B3BF4B700564A4C /* Main.storyboard */,
				05564CBC1B3BF4B700564A4C /* LaunchScreen.xib */,
				05564CB11B3BF4B700564A4C /* Supporting Files */,
			);
			path = EDUVance;
			sourceTree = "<group>";
		};
		05564CB11B3BF4B700564A4C /* Supporting Files */ = {
			isa = PBXGroup;
			children = (
				05564CB21B3BF4B700564A4C /* Info.plist */,
			);
			name = "Supporting Files";
			sourceTree = "<group>";
		};
		05564CC61B3BF4B700564A4C /* EDUVanceTests */ = {
			isa = PBXGroup;
			children = (
				05564CC91B3BF4B700564A4C /* EDUVanceTests.swift */,
				05564CC71B3BF4B700564A4C /* Supporting Files */,
			);
			path = EDUVanceTests;
			sourceTree = "<group>";
		};
		05564CC71B3BF4B700564A4C /* Supporting Files */ = {
			isa = PBXGroup;
			children = (
				05564CC81B3BF4B700564A4C /* Info.plist */,
			);
			name = "Supporting Files";
			sourceTree = "<group>";
		};
		05564CD31B3BF64E00564A4C /* Library */ = {
			isa = PBXGroup;
			children = (
				05564CED1B3C02AD00564A4C /* SwiftHTTP-master */,
				05564CE41B3BF95700564A4C /* InsetTextField.swift */,
				05564CDA1B3BF7E100564A4C /* HWILib.swift */,
			);
			path = Library;
			sourceTree = "<group>";
		};
		05564CD61B3BF73D00564A4C /* CustomLibrary */ = {
			isa = PBXGroup;
			children = (
				05E45AFF1B3C7CD0009CFD2B /* BaseItemView.swift */,
				05564CE91B3BFA4C00564A4C /* IconView.swift */,
				05564CE21B3BF94300564A4C /* BaseScrollView.swift */,
				05564CDE1B3BF89500564A4C /* BaseVC.swift */,
				05564CEB1B3BFDB700564A4C /* NetworkManager.swift */,
				05E45B011B3C84C4009CFD2B /* BaseNavigationC.swift */,
				05E45B031B3C85CC009CFD2B /* ListVC.swift */,
				05E45B051B3C8E14009CFD2B /* ListCell.swift */,
			);
			path = CustomLibrary;
			sourceTree = "<group>";
		};
		05564CD71B3BF76C00564A4C /* 00AppInit */ = {
			isa = PBXGroup;
			children = (
				05564CE01B3BF90500564A4C /* LoginVC.swift */,
				05564CD81B3BF7BE00564A4C /* MainVC.swift */,
				05564CDC1B3BF7F900564A4C /* ConstantValues.swift */,
			);
			path = 00AppInit;
			sourceTree = "<group>";
		};
		05564CE61B3BF9E500564A4C /* Models */ = {
			isa = PBXGroup;
			children = (
				05564CE71B3BF9E500564A4C /* UserManager.swift */,
			);
			path = Models;
			sourceTree = "<group>";
		};
		05564CED1B3C02AD00564A4C /* SwiftHTTP-master */ = {
			isa = PBXGroup;
			children = (
				05564CEE1B3C02AD00564A4C /* .gitignore */,
				05564CEF1B3C02AD00564A4C /* HTTPRequestSerializer.swift */,
				05564CF01B3C02AD00564A4C /* HTTPResponseSerializer.swift */,
				05564CF11B3C02AD00564A4C /* HTTPSecurity.swift */,
				05564CF21B3C02AD00564A4C /* HTTPTask.swift */,
				05564CF31B3C02AD00564A4C /* HTTPUpload.swift */,
				05564CF41B3C02AD00564A4C /* Info.plist */,
				05564CF51B3C02AD00564A4C /* LICENSE */,
				05564CF61B3C02AD00564A4C /* README.md */,
				05564CF71B3C02AD00564A4C /* SwiftHTTP.h */,
				05564CF81B3C02AD00564A4C /* SwiftHTTP.podspec */,
				05564CF91B3C02AD00564A4C /* SwiftHTTP.xcodeproj */,
			);
			path = "SwiftHTTP-master";
			sourceTree = "<group>";
		};
		05564CFA1B3C02AD00564A4C /* Products */ = {
			isa = PBXGroup;
			children = (
				05564D101B3C02AD00564A4C /* SwiftHTTP.framework */,
				05564D121B3C02AD00564A4C /* SwiftHTTPTests.xctest */,
				05564D141B3C02AD00564A4C /* SwiftHTTP.framework */,
				05564D161B3C02AD00564A4C /* SwiftHTTPOSXTests.xctest */,
			);
			name = Products;
			sourceTree = "<group>";
		};
		059744C21B3C29FA00532554 /* 02Tab */ = {
			isa = PBXGroup;
			children = (
				059744C31B3C2A1100532554 /* Tab02MainView.swift */,
			);
			path = 02Tab;
			sourceTree = "<group>";
		};
		05E45AF01B3C7BA3009CFD2B /* 01Tab */ = {
			isa = PBXGroup;
			children = (
				05E45AF71B3C7BC5009CFD2B /* Tab01MainView.swift */,
			);
			path = 01Tab;
			sourceTree = "<group>";
		};
		05E45AF11B3C7BA3009CFD2B /* 03Tab */ = {
			isa = PBXGroup;
			children = (
				05E45AF91B3C7BD1009CFD2B /* Tab03MainView.swift */,
			);
			path = 03Tab;
			sourceTree = "<group>";
		};
		05E45AF21B3C7BA3009CFD2B /* 04Tab */ = {
			isa = PBXGroup;
			children = (
				05E45AFB1B3C7BE2009CFD2B /* Tab04MainView.swift */,
			);
			path = 04Tab;
			sourceTree = "<group>";
		};
/* End PBXGroup section */

/* Begin PBXNativeTarget section */
		05564CAD1B3BF4B700564A4C /* EDUVance */ = {
			isa = PBXNativeTarget;
			buildConfigurationList = 05564CCD1B3BF4B700564A4C /* Build configuration list for PBXNativeTarget "EDUVance" */;
			buildPhases = (
				05564CAA1B3BF4B700564A4C /* Sources */,
				05564CAB1B3BF4B700564A4C /* Frameworks */,
				05564CAC1B3BF4B700564A4C /* Resources */,
			);
			buildRules = (
			);
			dependencies = (
			);
			name = EDUVance;
			productName = EDUVance;
			productReference = 05564CAE1B3BF4B700564A4C /* EDUVance.app */;
			productType = "com.apple.product-type.application";
		};
		05564CC21B3BF4B700564A4C /* EDUVanceTests */ = {
			isa = PBXNativeTarget;
			buildConfigurationList = 05564CD01B3BF4B700564A4C /* Build configuration list for PBXNativeTarget "EDUVanceTests" */;
			buildPhases = (
				05564CBF1B3BF4B700564A4C /* Sources */,
				05564CC01B3BF4B700564A4C /* Frameworks */,
				05564CC11B3BF4B700564A4C /* Resources */,
			);
			buildRules = (
			);
			dependencies = (
				05564CC51B3BF4B700564A4C /* PBXTargetDependency */,
			);
			name = EDUVanceTests;
			productName = EDUVanceTests;
			productReference = 05564CC31B3BF4B700564A4C /* EDUVanceTests.xctest */;
			productType = "com.apple.product-type.bundle.unit-test";
		};
/* End PBXNativeTarget section */

/* Begin PBXProject section */
		05564CA61B3BF4B700564A4C /* Project object */ = {
			isa = PBXProject;
			attributes = {
				LastUpgradeCheck = 0630;
				ORGANIZATIONNAME = eeaa;
				TargetAttributes = {
					05564CAD1B3BF4B700564A4C = {
						CreatedOnToolsVersion = 6.3.2;
					};
					05564CC21B3BF4B700564A4C = {
						CreatedOnToolsVersion = 6.3.2;
						TestTargetID = 05564CAD1B3BF4B700564A4C;
					};
				};
			};
			buildConfigurationList = 05564CA91B3BF4B700564A4C /* Build configuration list for PBXProject "EDUVance" */;
			compatibilityVersion = "Xcode 3.2";
			developmentRegion = English;
			hasScannedForEncodings = 0;
			knownRegions = (
				en,
				Base,
			);
			mainGroup = 05564CA51B3BF4B700564A4C;
			productRefGroup = 05564CAF1B3BF4B700564A4C /* Products */;
			projectDirPath = "";
			projectReferences = (
				{
					ProductGroup = 05564CFA1B3C02AD00564A4C /* Products */;
					ProjectRef = 05564CF91B3C02AD00564A4C /* SwiftHTTP.xcodeproj */;
				},
			);
			projectRoot = "";
			targets = (
				05564CAD1B3BF4B700564A4C /* EDUVance */,
				05564CC21B3BF4B700564A4C /* EDUVanceTests */,
			);
		};
/* End PBXProject section */

/* Begin PBXReferenceProxy section */
		05564D101B3C02AD00564A4C /* SwiftHTTP.framework */ = {
			isa = PBXReferenceProxy;
			fileType = wrapper.framework;
			path = SwiftHTTP.framework;
			remoteRef = 05564D0F1B3C02AD00564A4C /* PBXContainerItemProxy */;
			sourceTree = BUILT_PRODUCTS_DIR;
		};
		05564D121B3C02AD00564A4C /* SwiftHTTPTests.xctest */ = {
			isa = PBXReferenceProxy;
			fileType = wrapper.cfbundle;
			path = SwiftHTTPTests.xctest;
			remoteRef = 05564D111B3C02AD00564A4C /* PBXContainerItemProxy */;
			sourceTree = BUILT_PRODUCTS_DIR;
		};
		05564D141B3C02AD00564A4C /* SwiftHTTP.framework */ = {
			isa = PBXReferenceProxy;
			fileType = wrapper.framework;
			path = SwiftHTTP.framework;
			remoteRef = 05564D131B3C02AD00564A4C /* PBXContainerItemProxy */;
			sourceTree = BUILT_PRODUCTS_DIR;
		};
		05564D161B3C02AD00564A4C /* SwiftHTTPOSXTests.xctest */ = {
			isa = PBXReferenceProxy;
			fileType = wrapper.cfbundle;
			path = SwiftHTTPOSXTests.xctest;
			remoteRef = 05564D151B3C02AD00564A4C /* PBXContainerItemProxy */;
			sourceTree = BUILT_PRODUCTS_DIR;
		};
/* End PBXReferenceProxy section */

/* Begin PBXResourcesBuildPhase section */
		05564CAC1B3BF4B700564A4C /* Resources */ = {
			isa = PBXResourcesBuildPhase;
			buildActionMask = 2147483647;
			files = (
				05564D061B3C02AD00564A4C /* LICENSE in Resources */,
				05564D081B3C02AD00564A4C /* SwiftHTTP.podspec in Resources */,
				05564CFF1B3C02AD00564A4C /* .gitignore in Resources */,
				05564CB91B3BF4B700564A4C /* Main.storyboard in Resources */,
				05564CBE1B3BF4B700564A4C /* LaunchScreen.xib in Resources */,
				05564D051B3C02AD00564A4C /* Info.plist in Resources */,
				05564CBB1B3BF4B700564A4C /* Images.xcassets in Resources */,
			);
			runOnlyForDeploymentPostprocessing = 0;
		};
		05564CC11B3BF4B700564A4C /* Resources */ = {
			isa = PBXResourcesBuildPhase;
			buildActionMask = 2147483647;
			files = (
			);
			runOnlyForDeploymentPostprocessing = 0;
		};
/* End PBXResourcesBuildPhase section */

/* Begin PBXSourcesBuildPhase section */
		05564CAA1B3BF4B700564A4C /* Sources */ = {
			isa = PBXSourcesBuildPhase;
			buildActionMask = 2147483647;
			files = (
				05E45AF81B3C7BC5009CFD2B /* Tab01MainView.swift in Sources */,
				05564CEC1B3BFDB700564A4C /* NetworkManager.swift in Sources */,
				05564CDF1B3BF89500564A4C /* BaseVC.swift in Sources */,
				05564CE11B3BF90500564A4C /* LoginVC.swift in Sources */,
				05564CDD1B3BF7F900564A4C /* ConstantValues.swift in Sources */,
				05564CE31B3BF94300564A4C /* BaseScrollView.swift in Sources */,
				05564D071B3C02AD00564A4C /* README.md in Sources */,
				05564D011B3C02AD00564A4C /* HTTPResponseSerializer.swift in Sources */,
				05564D021B3C02AD00564A4C /* HTTPSecurity.swift in Sources */,
				05564CEA1B3BFA4C00564A4C /* IconView.swift in Sources */,
				05564CD91B3BF7BE00564A4C /* MainVC.swift in Sources */,
				05564CDB1B3BF7E100564A4C /* HWILib.swift in Sources */,
				05E45B041B3C85CC009CFD2B /* ListVC.swift in Sources */,
				05E45AFA1B3C7BD1009CFD2B /* Tab03MainView.swift in Sources */,
				05564CB41B3BF4B700564A4C /* AppDelegate.swift in Sources */,
				05564D031B3C02AD00564A4C /* HTTPTask.swift in Sources */,
				059744C41B3C2A1100532554 /* Tab02MainView.swift in Sources */,
				05564D041B3C02AD00564A4C /* HTTPUpload.swift in Sources */,
				05E45B061B3C8E14009CFD2B /* ListCell.swift in Sources */,
				05E45AFC1B3C7BE2009CFD2B /* Tab04MainView.swift in Sources */,
				05E45B001B3C7CD0009CFD2B /* BaseItemView.swift in Sources */,
				05E45B021B3C84C4009CFD2B /* BaseNavigationC.swift in Sources */,
				05564CE81B3BF9E500564A4C /* UserManager.swift in Sources */,
				05564D001B3C02AD00564A4C /* HTTPRequestSerializer.swift in Sources */,
				05564CE51B3BF95700564A4C /* InsetTextField.swift in Sources */,
			);
			runOnlyForDeploymentPostprocessing = 0;
		};
		05564CBF1B3BF4B700564A4C /* Sources */ = {
			isa = PBXSourcesBuildPhase;
			buildActionMask = 2147483647;
			files = (
				05564CCA1B3BF4B700564A4C /* EDUVanceTests.swift in Sources */,
			);
			runOnlyForDeploymentPostprocessing = 0;
		};
/* End PBXSourcesBuildPhase section */

/* Begin PBXTargetDependency section */
		05564CC51B3BF4B700564A4C /* PBXTargetDependency */ = {
			isa = PBXTargetDependency;
			target = 05564CAD1B3BF4B700564A4C /* EDUVance */;
			targetProxy = 05564CC41B3BF4B700564A4C /* PBXContainerItemProxy */;
		};
/* End PBXTargetDependency section */

/* Begin PBXVariantGroup section */
		05564CB71B3BF4B700564A4C /* Main.storyboard */ = {
			isa = PBXVariantGroup;
			children = (
				05564CB81B3BF4B700564A4C /* Base */,
			);
			name = Main.storyboard;
			sourceTree = "<group>";
		};
		05564CBC1B3BF4B700564A4C /* LaunchScreen.xib */ = {
			isa = PBXVariantGroup;
			children = (
				05564CBD1B3BF4B700564A4C /* Base */,
			);
			name = LaunchScreen.xib;
			sourceTree = "<group>";
		};
/* End PBXVariantGroup section */

/* Begin XCBuildConfiguration section */
		05564CCB1B3BF4B700564A4C /* Debug */ = {
			isa = XCBuildConfiguration;
			buildSettings = {
				ALWAYS_SEARCH_USER_PATHS = NO;
				CLANG_CXX_LANGUAGE_STANDARD = "gnu++0x";
				CLANG_CXX_LIBRARY = "libc++";
				CLANG_ENABLE_MODULES = YES;
				CLANG_ENABLE_OBJC_ARC = YES;
				CLANG_WARN_BOOL_CONVERSION = YES;
				CLANG_WARN_CONSTANT_CONVERSION = YES;
				CLANG_WARN_DIRECT_OBJC_ISA_USAGE = YES_ERROR;
				CLANG_WARN_EMPTY_BODY = YES;
				CLANG_WARN_ENUM_CONVERSION = YES;
				CLANG_WARN_INT_CONVERSION = YES;
				CLANG_WARN_OBJC_ROOT_CLASS = YES_ERROR;
				CLANG_WARN_UNREACHABLE_CODE = YES;
				CLANG_WARN__DUPLICATE_METHOD_MATCH = YES;
				"CODE_SIGN_IDENTITY[sdk=iphoneos*]" = "iPhone Developer";
				COPY_PHASE_STRIP = NO;
				DEBUG_INFORMATION_FORMAT = "dwarf-with-dsym";
				ENABLE_STRICT_OBJC_MSGSEND = YES;
				GCC_C_LANGUAGE_STANDARD = gnu99;
				GCC_DYNAMIC_NO_PIC = NO;
				GCC_NO_COMMON_BLOCKS = YES;
				GCC_OPTIMIZATION_LEVEL = 0;
				GCC_PREPROCESSOR_DEFINITIONS = (
					"DEBUG=1",
					"$(inherited)",
				);
				GCC_SYMBOLS_PRIVATE_EXTERN = NO;
				GCC_WARN_64_TO_32_BIT_CONVERSION = YES;
				GCC_WARN_ABOUT_RETURN_TYPE = YES_ERROR;
				GCC_WARN_UNDECLARED_SELECTOR = YES;
				GCC_WARN_UNINITIALIZED_AUTOS = YES_AGGRESSIVE;
				GCC_WARN_UNUSED_FUNCTION = YES;
				GCC_WARN_UNUSED_VARIABLE = YES;
				IPHONEOS_DEPLOYMENT_TARGET = 8.3;
				MTL_ENABLE_DEBUG_INFO = YES;
				ONLY_ACTIVE_ARCH = YES;
				SDKROOT = iphoneos;
				SWIFT_OPTIMIZATION_LEVEL = "-Onone";
				TARGETED_DEVICE_FAMILY = "1,2";
			};
			name = Debug;
		};
		05564CCC1B3BF4B700564A4C /* Release */ = {
			isa = XCBuildConfiguration;
			buildSettings = {
				ALWAYS_SEARCH_USER_PATHS = NO;
				CLANG_CXX_LANGUAGE_STANDARD = "gnu++0x";
				CLANG_CXX_LIBRARY = "libc++";
				CLANG_ENABLE_MODULES = YES;
				CLANG_ENABLE_OBJC_ARC = YES;
				CLANG_WARN_BOOL_CONVERSION = YES;
				CLANG_WARN_CONSTANT_CONVERSION = YES;
				CLANG_WARN_DIRECT_OBJC_ISA_USAGE = YES_ERROR;
				CLANG_WARN_EMPTY_BODY = YES;
				CLANG_WARN_ENUM_CONVERSION = YES;
				CLANG_WARN_INT_CONVERSION = YES;
				CLANG_WARN_OBJC_ROOT_CLASS = YES_ERROR;
				CLANG_WARN_UNREACHABLE_CODE = YES;
				CLANG_WARN__DUPLICATE_METHOD_MATCH = YES;
				"CODE_SIGN_IDENTITY[sdk=iphoneos*]" = "iPhone Developer";
				COPY_PHASE_STRIP = NO;
				DEBUG_INFORMATION_FORMAT = "dwarf-with-dsym";
				ENABLE_NS_ASSERTIONS = NO;
				ENABLE_STRICT_OBJC_MSGSEND = YES;
				GCC_C_LANGUAGE_STANDARD = gnu99;
				GCC_NO_COMMON_BLOCKS = YES;
				GCC_WARN_64_TO_32_BIT_CONVERSION = YES;
				GCC_WARN_ABOUT_RETURN_TYPE = YES_ERROR;
				GCC_WARN_UNDECLARED_SELECTOR = YES;
				GCC_WARN_UNINITIALIZED_AUTOS = YES_AGGRESSIVE;
				GCC_WARN_UNUSED_FUNCTION = YES;
				GCC_WARN_UNUSED_VARIABLE = YES;
				IPHONEOS_DEPLOYMENT_TARGET = 8.3;
				MTL_ENABLE_DEBUG_INFO = NO;
				SDKROOT = iphoneos;
				TARGETED_DEVICE_FAMILY = "1,2";
				VALIDATE_PRODUCT = YES;
			};
			name = Release;
		};
		05564CCE1B3BF4B700564A4C /* Debug */ = {
			isa = XCBuildConfiguration;
			buildSettings = {
				ASSETCATALOG_COMPILER_APPICON_NAME = AppIcon;
				INFOPLIST_FILE = EDUVance/Info.plist;
				LD_RUNPATH_SEARCH_PATHS = "$(inherited) @executable_path/Frameworks";
				PRODUCT_NAME = "$(TARGET_NAME)";
			};
			name = Debug;
		};
		05564CCF1B3BF4B700564A4C /* Release */ = {
			isa = XCBuildConfiguration;
			buildSettings = {
				ASSETCATALOG_COMPILER_APPICON_NAME = AppIcon;
				INFOPLIST_FILE = EDUVance/Info.plist;
				LD_RUNPATH_SEARCH_PATHS = "$(inherited) @executable_path/Frameworks";
				PRODUCT_NAME = "$(TARGET_NAME)";
			};
			name = Release;
		};
		05564CD11B3BF4B700564A4C /* Debug */ = {
			isa = XCBuildConfiguration;
			buildSettings = {
				BUNDLE_LOADER = "$(TEST_HOST)";
				FRAMEWORK_SEARCH_PATHS = (
					"$(SDKROOT)/Developer/Library/Frameworks",
					"$(inherited)",
				);
				GCC_PREPROCESSOR_DEFINITIONS = (
					"DEBUG=1",
					"$(inherited)",
				);
				INFOPLIST_FILE = EDUVanceTests/Info.plist;
				LD_RUNPATH_SEARCH_PATHS = "$(inherited) @executable_path/Frameworks @loader_path/Frameworks";
				PRODUCT_NAME = "$(TARGET_NAME)";
				TEST_HOST = "$(BUILT_PRODUCTS_DIR)/EDUVance.app/EDUVance";
			};
			name = Debug;
		};
		05564CD21B3BF4B700564A4C /* Release */ = {
			isa = XCBuildConfiguration;
			buildSettings = {
				BUNDLE_LOADER = "$(TEST_HOST)";
				FRAMEWORK_SEARCH_PATHS = (
					"$(SDKROOT)/Developer/Library/Frameworks",
					"$(inherited)",
				);
				INFOPLIST_FILE = EDUVanceTests/Info.plist;
				LD_RUNPATH_SEARCH_PATHS = "$(inherited) @executable_path/Frameworks @loader_path/Frameworks";
				PRODUCT_NAME = "$(TARGET_NAME)";
				TEST_HOST = "$(BUILT_PRODUCTS_DIR)/EDUVance.app/EDUVance";
			};
			name = Release;
		};
/* End XCBuildConfiguration section */

/* Begin XCConfigurationList section */
		05564CA91B3BF4B700564A4C /* Build configuration list for PBXProject "EDUVance" */ = {
			isa = XCConfigurationList;
			buildConfigurations = (
				05564CCB1B3BF4B700564A4C /* Debug */,
				05564CCC1B3BF4B700564A4C /* Release */,
			);
			defaultConfigurationIsVisible = 0;
			defaultConfigurationName = Release;
		};
		05564CCD1B3BF4B700564A4C /* Build configuration list for PBXNativeTarget "EDUVance" */ = {
			isa = XCConfigurationList;
			buildConfigurations = (
				05564CCE1B3BF4B700564A4C /* Debug */,
				05564CCF1B3BF4B700564A4C /* Release */,
			);
			defaultConfigurationIsVisible = 0;
			defaultConfigurationName = Release;
		};
		05564CD01B3BF4B700564A4C /* Build configuration list for PBXNativeTarget "EDUVanceTests" */ = {
			isa = XCConfigurationList;
			buildConfigurations = (
				05564CD11B3BF4B700564A4C /* Debug */,
				05564CD21B3BF4B700564A4C /* Release */,
			);
			defaultConfigurationIsVisible = 0;
			defaultConfigurationName = Release;
		};
/* End XCConfigurationList section */
	};
	rootObject = 05564CA61B3BF4B700564A4C /* Project object */;
}
